
Microsoft Visual Studio Solution File, Format Version 12.00
# Visual Studio Version 17
VisualStudioVersion = 17.9.34902.65
MinimumVisualStudioVersion = 10.0.40219.1
Project("{FAE04EC0-301F-11D3-BF4B-00C04F79EFBC}") = "DVLD", "DVLD.csproj", "{C83B9B7F-B7DA-4C92-80B5-EF2A074A0FD1}"
EndProject
Project("{FAE04EC0-301F-11D3-BF4B-00C04F79EFBC}") = "DVLD_DataAccessLayer", "..\DVLD_DataAccessLayer\DVLD_DataAccessLayer.csproj", "{C2C62E7C-CDB1-4771-9CBD-EC721F50B8F1}"
EndProject
Project("{FAE04EC0-301F-11D3-BF4B-00C04F79EFBC}") = "DVLD_BusinessLayer", "..\DVLD_BusinessLayer\DVLD_BusinessLayer.csproj", "{F3579ECD-546F-41ED-B258-2926AF054E8F}"
EndProject
Global
	GlobalSection(SolutionConfigurationPlatforms) = preSolution
		Debug|Any CPU = Debug|Any CPU
		Release|Any CPU = Release|Any CPU
	EndGlobalSection
	GlobalSection(ProjectConfigurationPlatforms) = postSolution
		{C83B9B7F-B7DA-4C92-80B5-EF2A074A0FD1}.Debug|Any CPU.ActiveCfg = Debug|Any CPU
		{C83B9B7F-B7DA-4C92-80B5-EF2A074A0FD1}.Debug|Any CPU.Build.0 = Debug|Any CPU
		{C83B9B7F-B7DA-4C92-80B5-EF2A074A0FD1}.Release|Any CPU.ActiveCfg = Release|Any CPU
		{C83B9B7F-B7DA-4C92-80B5-EF2A074A0FD1}.Release|Any CPU.Build.0 = Release|Any CPU
		{C2C62E7C-CDB1-4771-9CBD-EC721F50B8F1}.Debug|Any CPU.ActiveCfg = Debug|Any CPU
		{C2C62E7C-CDB1-4771-9CBD-EC721F50B8F1}.Debug|Any CPU.Build.0 = Debug|Any CPU
		{C2C62E7C-CDB1-4771-9CBD-EC721F50B8F1}.Release|Any CPU.ActiveCfg = Release|Any CPU
		{C2C62E7C-CDB1-4771-9CBD-EC721F50B8F1}.Release|Any CPU.Build.0 = Release|Any CPU
		{F3579ECD-546F-41ED-B258-2926AF054E8F}.Debug|Any CPU.ActiveCfg = Debug|Any CPU
		{F3579ECD-546F-41ED-B258-2926AF054E8F}.Debug|Any CPU.Build.0 = Debug|Any CPU
		{F3579ECD-546F-41ED-B258-2926AF054E8F}.Release|Any CPU.ActiveCfg = Release|Any CPU
		{F3579ECD-546F-41ED-B258-2926AF054E8F}.Release|Any CPU.Build.0 = Release|Any CPU
	EndGlobalSection
	GlobalSection(SolutionProperties) = preSolution
		HideSolutionNode = FALSE
	EndGlobalSection
	GlobalSection(ExtensibilityGlobals) = postSolution
		SolutionGuid = {3E0A581B-99DF-4B3B-A4D9-1499189F78DE}
	EndGlobalSection
EndGlobal
